// !$*UTF8*$!
{
	archiveVersion = 1;
	classes = {
	};
	objectVersion = 48;
	objects = {

/* Begin PBXBuildFile section */
		16D8CF240F26E62FA16E87B9 /* libPods-ZYBanner.a in Frameworks */ = {isa = PBXBuildFile; fileRef = A5E74E61DFC2126F5E1F5385 /* libPods-ZYBanner.a */; };
		2A3A2AC8201ECA3E00547366 /* AutoBannerCache.m in Sources */ = {isa = PBXBuildFile; fileRef = 2A3A2AC7201ECA3E00547366 /* AutoBannerCache.m */; };
		2A45D021201AD4D400FE2BF3 /* AutoBannerView.m in Sources */ = {isa = PBXBuildFile; fileRef = 2A45D020201AD4D400FE2BF3 /* AutoBannerView.m */; };
		2A45D029201B213E00FE2BF3 /* AutoBannerCell.m in Sources */ = {isa = PBXBuildFile; fileRef = 2A45D028201B213E00FE2BF3 /* AutoBannerCell.m */; };
		2A45D02F201B3CF500FE2BF3 /* AutoBannerLayout.m in Sources */ = {isa = PBXBuildFile; fileRef = 2A45D02E201B3CF500FE2BF3 /* AutoBannerLayout.m */; };
		2A6AA3022019CF7900810988 /* AppDelegate.m in Sources */ = {isa = PBXBuildFile; fileRef = 2A6AA3012019CF7900810988 /* AppDelegate.m */; };
		2A6AA3052019CF7900810988 /* ViewController.m in Sources */ = {isa = PBXBuildFile; fileRef = 2A6AA3042019CF7900810988 /* ViewController.m */; };
		2A6AA3082019CF7900810988 /* Main.storyboard in Resources */ = {isa = PBXBuildFile; fileRef = 2A6AA3062019CF7900810988 /* Main.storyboard */; };
		2A6AA30A2019CF7900810988 /* Assets.xcassets in Resources */ = {isa = PBXBuildFile; fileRef = 2A6AA3092019CF7900810988 /* Assets.xcassets */; };
		2A6AA30D2019CF7900810988 /* LaunchScreen.storyboard in Resources */ = {isa = PBXBuildFile; fileRef = 2A6AA30B2019CF7900810988 /* LaunchScreen.storyboard */; };
		2A6AA3102019CF7900810988 /* main.m in Sources */ = {isa = PBXBuildFile; fileRef = 2A6AA30F2019CF7900810988 /* main.m */; };
/* End PBXBuildFile section */

/* Begin PBXFileReference section */
		2A3A2AC6201ECA3E00547366 /* AutoBannerCache.h */ = {isa = PBXFileReference; lastKnownFileType = sourcecode.c.h; path = AutoBannerCache.h; sourceTree = "<group>"; };
		2A3A2AC7201ECA3E00547366 /* AutoBannerCache.m */ = {isa = PBXFileReference; lastKnownFileType = sourcecode.c.objc; path = AutoBannerCache.m; sourceTree = "<group>"; };
		2A3A2AC9201F0AED00547366 /* app.pch */ = {isa = PBXFileReference; lastKnownFileType = sourcecode.c.h; path = app.pch; sourceTree = "<group>"; };
		2A45D01F201AD4D400FE2BF3 /* AutoBannerView.h */ = {isa = PBXFileReference; lastKnownFileType = sourcecode.c.h; path = AutoBannerView.h; sourceTree = "<group>"; };
		2A45D020201AD4D400FE2BF3 /* AutoBannerView.m */ = {isa = PBXFileReference; lastKnownFileType = sourcecode.c.objc; path = AutoBannerView.m; sourceTree = "<group>"; };
		2A45D027201B213E00FE2BF3 /* AutoBannerCell.h */ = {isa = PBXFileReference; lastKnownFileType = sourcecode.c.h; path = AutoBannerCell.h; sourceTree = "<group>"; };
		2A45D028201B213E00FE2BF3 /* AutoBannerCell.m */ = {isa = PBXFileReference; lastKnownFileType = sourcecode.c.objc; path = AutoBannerCell.m; sourceTree = "<group>"; };
		2A45D02D201B3CF500FE2BF3 /* AutoBannerLayout.h */ = {isa = PBXFileReference; lastKnownFileType = sourcecode.c.h; path = AutoBannerLayout.h; sourceTree = "<group>"; };
		2A45D02E201B3CF500FE2BF3 /* AutoBannerLayout.m */ = {isa = PBXFileReference; lastKnownFileType = sourcecode.c.objc; path = AutoBannerLayout.m; sourceTree = "<group>"; };
		2A6AA2FD2019CF7900810988 /* ZYBanner.app */ = {isa = PBXFileReference; explicitFileType = wrapper.application; includeInIndex = 0; path = ZYBanner.app; sourceTree = BUILT_PRODUCTS_DIR; };
		2A6AA3002019CF7900810988 /* AppDelegate.h */ = {isa = PBXFileReference; lastKnownFileType = sourcecode.c.h; path = AppDelegate.h; sourceTree = "<group>"; };
		2A6AA3012019CF7900810988 /* AppDelegate.m */ = {isa = PBXFileReference; lastKnownFileType = sourcecode.c.objc; path = AppDelegate.m; sourceTree = "<group>"; };
		2A6AA3032019CF7900810988 /* ViewController.h */ = {isa = PBXFileReference; lastKnownFileType = sourcecode.c.h; path = ViewController.h; sourceTree = "<group>"; };
		2A6AA3042019CF7900810988 /* ViewController.m */ = {isa = PBXFileReference; lastKnownFileType = sourcecode.c.objc; path = ViewController.m; sourceTree = "<group>"; };
		2A6AA3072019CF7900810988 /* Base */ = {isa = PBXFileReference; lastKnownFileType = file.storyboard; name = Base; path = Base.lproj/Main.storyboard; sourceTree = "<group>"; };
		2A6AA3092019CF7900810988 /* Assets.xcassets */ = {isa = PBXFileReference; lastKnownFileType = folder.assetcatalog; path = Assets.xcassets; sourceTree = "<group>"; };
		2A6AA30C2019CF7900810988 /* Base */ = {isa = PBXFileReference; lastKnownFileType = file.storyboard; name = Base; path = Base.lproj/LaunchScreen.storyboard; sourceTree = "<group>"; };
		2A6AA30E2019CF7900810988 /* Info.plist */ = {isa = PBXFileReference; lastKnownFileType = text.plist.xml; path = Info.plist; sourceTree = "<group>"; };
		2A6AA30F2019CF7900810988 /* main.m */ = {isa = PBXFileReference; lastKnownFileType = sourcecode.c.objc; path = main.m; sourceTree = "<group>"; };
		A5E74E61DFC2126F5E1F5385 /* libPods-ZYBanner.a */ = {isa = PBXFileReference; explicitFileType = archive.ar; includeInIndex = 0; path = "libPods-ZYBanner.a"; sourceTree = BUILT_PRODUCTS_DIR; };
		CD0BD1CF608D4DA4966C7475 /* Pods-ZYBanner.release.xcconfig */ = {isa = PBXFileReference; includeInIndex = 1; lastKnownFileType = text.xcconfig; name = "Pods-ZYBanner.release.xcconfig"; path = "Pods/Target Support Files/Pods-ZYBanner/Pods-ZYBanner.release.xcconfig"; sourceTree = "<group>"; };
		F86ACB4FAFCA560EDD627C16 /* Pods-ZYBanner.debug.xcconfig */ = {isa = PBXFileReference; includeInIndex = 1; lastKnownFileType = text.xcconfig; name = "Pods-ZYBanner.debug.xcconfig"; path = "Pods/Target Support Files/Pods-ZYBanner/Pods-ZYBanner.debug.xcconfig"; sourceTree = "<group>"; };
/* End PBXFileReference section */

/* Begin PBXFrameworksBuildPhase section */
		2A6AA2FA2019CF7900810988 /* Frameworks */ = {
			isa = PBXFrameworksBuildPhase;
			buildActionMask = 2147483647;
			files = (
				16D8CF240F26E62FA16E87B9 /* libPods-ZYBanner.a in Frameworks */,
			);
			runOnlyForDeploymentPostprocessing = 0;
		};
/* End PBXFrameworksBuildPhase section */

/* Begin PBXGroup section */
		00E87D3E322B257C3672285F /* Pods */ = {
			isa = PBXGroup;
			children = (
				F86ACB4FAFCA560EDD627C16 /* Pods-ZYBanner.debug.xcconfig */,
				CD0BD1CF608D4DA4966C7475 /* Pods-ZYBanner.release.xcconfig */,
			);
			name = Pods;
			sourceTree = "<group>";
		};
		2A3A2AC4201EC9CD00547366 /* BannerView */ = {
			isa = PBXGroup;
			children = (
				2A45D01F201AD4D400FE2BF3 /* AutoBannerView.h */,
				2A45D020201AD4D400FE2BF3 /* AutoBannerView.m */,
				2A45D027201B213E00FE2BF3 /* AutoBannerCell.h */,
				2A45D028201B213E00FE2BF3 /* AutoBannerCell.m */,
				2A45D02D201B3CF500FE2BF3 /* AutoBannerLayout.h */,
				2A45D02E201B3CF500FE2BF3 /* AutoBannerLayout.m */,
			);
			path = BannerView;
			sourceTree = "<group>";
		};
		2A3A2AC5201EC9F100547366 /* BannerCache */ = {
			isa = PBXGroup;
			children = (
				2A3A2AC6201ECA3E00547366 /* AutoBannerCache.h */,
				2A3A2AC7201ECA3E00547366 /* AutoBannerCache.m */,
			);
			path = BannerCache;
			sourceTree = "<group>";
		};
		2A6AA2F42019CF7800810988 = {
			isa = PBXGroup;
			children = (
				2A6AA2FF2019CF7900810988 /* ZYBanner */,
				2A6AA2FE2019CF7900810988 /* Products */,
				00E87D3E322B257C3672285F /* Pods */,
				5F23889967BFCE47E567ECA6 /* Frameworks */,
			);
			sourceTree = "<group>";
		};
		2A6AA2FE2019CF7900810988 /* Products */ = {
			isa = PBXGroup;
			children = (
				2A6AA2FD2019CF7900810988 /* ZYBanner.app */,
			);
			name = Products;
			sourceTree = "<group>";
		};
		2A6AA2FF2019CF7900810988 /* ZYBanner */ = {
			isa = PBXGroup;
			children = (
				2A6AA3162019CF8D00810988 /* ZYBanner */,
				2A6AA3002019CF7900810988 /* AppDelegate.h */,
				2A6AA3012019CF7900810988 /* AppDelegate.m */,
				2A6AA3032019CF7900810988 /* ViewController.h */,
				2A6AA3042019CF7900810988 /* ViewController.m */,
				2A6AA3062019CF7900810988 /* Main.storyboard */,
				2A6AA3092019CF7900810988 /* Assets.xcassets */,
				2A6AA30B2019CF7900810988 /* LaunchScreen.storyboard */,
				2A6AA30E2019CF7900810988 /* Info.plist */,
				2A6AA30F2019CF7900810988 /* main.m */,
				2A3A2AC9201F0AED00547366 /* app.pch */,
			);
			path = ZYBanner;
			sourceTree = "<group>";
		};
		2A6AA3162019CF8D00810988 /* ZYBanner */ = {
			isa = PBXGroup;
			children = (
				2A3A2AC5201EC9F100547366 /* BannerCache */,
				2A3A2AC4201EC9CD00547366 /* BannerView */,
			);
			path = ZYBanner;
			sourceTree = "<group>";
		};
		5F23889967BFCE47E567ECA6 /* Frameworks */ = {
			isa = PBXGroup;
			children = (
				A5E74E61DFC2126F5E1F5385 /* libPods-ZYBanner.a */,
			);
			name = Frameworks;
			sourceTree = "<group>";
		};
/* End PBXGroup section */

/* Begin PBXNativeTarget section */
		2A6AA2FC2019CF7900810988 /* ZYBanner */ = {
			isa = PBXNativeTarget;
			buildConfigurationList = 2A6AA3132019CF7900810988 /* Build configuration list for PBXNativeTarget "ZYBanner" */;
			buildPhases = (
				DFC878BF10D62EEDCFA27A85 /* [CP] Check Pods Manifest.lock */,
				2A6AA2F92019CF7900810988 /* Sources */,
				2A6AA2FA2019CF7900810988 /* Frameworks */,
				2A6AA2FB2019CF7900810988 /* Resources */,
				8A40D19B4ABFB573D8AAEE00 /* [CP] Embed Pods Frameworks */,
				13D62E1B31AF10F4B3AB2E3D /* [CP] Copy Pods Resources */,
			);
			buildRules = (
			);
			dependencies = (
			);
			name = ZYBanner;
			productName = ZYBanner;
			productReference = 2A6AA2FD2019CF7900810988 /* ZYBanner.app */;
			productType = "com.apple.product-type.application";
		};
/* End PBXNativeTarget section */

/* Begin PBXProject section */
		2A6AA2F52019CF7800810988 /* Project object */ = {
			isa = PBXProject;
			attributes = {
				LastUpgradeCheck = 0920;
				ORGANIZATIONNAME = "张宇";
				TargetAttributes = {
					2A6AA2FC2019CF7900810988 = {
						CreatedOnToolsVersion = 9.2;
						ProvisioningStyle = Automatic;
					};
				};
			};
			buildConfigurationList = 2A6AA2F82019CF7800810988 /* Build configuration list for PBXProject "ZYBanner" */;
			compatibilityVersion = "Xcode 8.0";
			developmentRegion = en;
			hasScannedForEncodings = 0;
			knownRegions = (
				en,
				Base,
			);
			mainGroup = 2A6AA2F42019CF7800810988;
			productRefGroup = 2A6AA2FE2019CF7900810988 /* Products */;
			projectDirPath = "";
			projectRoot = "";
			targets = (
				2A6AA2FC2019CF7900810988 /* ZYBanner */,
			);
		};
/* End PBXProject section */

/* Begin PBXResourcesBuildPhase section */
		2A6AA2FB2019CF7900810988 /* Resources */ = {
			isa = PBXResourcesBuildPhase;
			buildActionMask = 2147483647;
			files = (
				2A6AA30D2019CF7900810988 /* LaunchScreen.storyboard in Resources */,
				2A6AA30A2019CF7900810988 /* Assets.xcassets in Resources */,
				2A6AA3082019CF7900810988 /* Main.storyboard in Resources */,
			);
			runOnlyForDeploymentPostprocessing = 0;
		};
/* End PBXResourcesBuildPhase section */

/* Begin PBXShellScriptBuildPhase section */
		13D62E1B31AF10F4B3AB2E3D /* [CP] Copy Pods Resources */ = {
			isa = PBXShellScriptBuildPhase;
			buildActionMask = 2147483647;
			files = (
			);
			inputPaths = (
			);
			name = "[CP] Copy Pods Resources";
			outputPaths = (
			);
			runOnlyForDeploymentPostprocessing = 0;
			shellPath = /bin/sh;
			shellScript = "\"${SRCROOT}/Pods/Target Support Files/Pods-ZYBanner/Pods-ZYBanner-resources.sh\"\n";
			showEnvVarsInLog = 0;
		};
		8A40D19B4ABFB573D8AAEE00 /* [CP] Embed Pods Frameworks */ = {
			isa = PBXShellScriptBuildPhase;
			buildActionMask = 2147483647;
			files = (
			);
			inputPaths = (
			);
			name = "[CP] Embed Pods Frameworks";
			outputPaths = (
			);
			runOnlyForDeploymentPostprocessing = 0;
			shellPath = /bin/sh;
			shellScript = "\"${SRCROOT}/Pods/Target Support Files/Pods-ZYBanner/Pods-ZYBanner-frameworks.sh\"\n";
			showEnvVarsInLog = 0;
		};
		DFC878BF10D62EEDCFA27A85 /* [CP] Check Pods Manifest.lock */ = {
			isa = PBXShellScriptBuildPhase;
			buildActionMask = 2147483647;
			files = (
			);
			inputPaths = (
				"${PODS_PODFILE_DIR_PATH}/Podfile.lock",
				"${PODS_ROOT}/Manifest.lock",
			);
			name = "[CP] Check Pods Manifest.lock";
			outputPaths = (
				"$(DERIVED_FILE_DIR)/Pods-ZYBanner-checkManifestLockResult.txt",
			);
			runOnlyForDeploymentPostprocessing = 0;
			shellPath = /bin/sh;
			shellScript = "diff \"${PODS_PODFILE_DIR_PATH}/Podfile.lock\" \"${PODS_ROOT}/Manifest.lock\" > /dev/null\nif [ $? != 0 ] ; then\n    # print error to STDERR\n    echo \"error: The sandbox is not in sync with the Podfile.lock. Run 'pod install' or update your CocoaPods installation.\" >&2\n    exit 1\nfi\n# This output is used by Xcode 'outputs' to avoid re-running this script phase.\necho \"SUCCESS\" > \"${SCRIPT_OUTPUT_FILE_0}\"\n";
			showEnvVarsInLog = 0;
		};
/* End PBXShellScriptBuildPhase section */

/* Begin PBXSourcesBuildPhase section */
		2A6AA2F92019CF7900810988 /* Sources */ = {
			isa = PBXSourcesBuildPhase;
			buildActionMask = 2147483647;
			files = (
				2A3A2AC8201ECA3E00547366 /* AutoBannerCache.m in Sources */,
				2A6AA3052019CF7900810988 /* ViewController.m in Sources */,
				2A45D021201AD4D400FE2BF3 /* AutoBannerView.m in Sources */,
				2A45D029201B213E00FE2BF3 /* AutoBannerCell.m in Sources */,
				2A6AA3102019CF7900810988 /* main.m in Sources */,
				2A45D02F201B3CF500FE2BF3 /* AutoBannerLayout.m in Sources */,
				2A6AA3022019CF7900810988 /* AppDelegate.m in Sources */,
			);
			runOnlyForDeploymentPostprocessing = 0;
		};
/* End PBXSourcesBuildPhase section */

/* Begin PBXVariantGroup section */
		2A6AA3062019CF7900810988 /* Main.storyboard */ = {
			isa = PBXVariantGroup;
			children = (
				2A6AA3072019CF7900810988 /* Base */,
			);
			name = Main.storyboard;
			sourceTree = "<group>";
		};
		2A6AA30B2019CF7900810988 /* LaunchScreen.storyboard */ = {
			isa = PBXVariantGroup;
			children = (
				2A6AA30C2019CF7900810988 /* Base */,
			);
			name = LaunchScreen.storyboard;
			sourceTree = "<group>";
		};
/* End PBXVariantGroup section */

/* Begin XCBuildConfiguration section */
		2A6AA3112019CF7900810988 /* Debug */ = {
			isa = XCBuildConfiguration;
			buildSettings = {
				ALWAYS_SEARCH_USER_PATHS = NO;
				CLANG_ANALYZER_NONNULL = YES;
				CLANG_ANALYZER_NUMBER_OBJECT_CONVERSION = YES_AGGRESSIVE;
				CLANG_CXX_LANGUAGE_STANDARD = "gnu++14";
				CLANG_CXX_LIBRARY = "libc++";
				CLANG_ENABLE_MODULES = YES;
				CLANG_ENABLE_OBJC_ARC = YES;
				CLANG_WARN_BLOCK_CAPTURE_AUTORELEASING = YES;
				CLANG_WARN_BOOL_CONVERSION = YES;
				CLANG_WARN_COMMA = YES;
				CLANG_WARN_CONSTANT_CONVERSION = YES;
				CLANG_WARN_DIRECT_OBJC_ISA_USAGE = YES_ERROR;
				CLANG_WARN_DOCUMENTATION_COMMENTS = YES;
				CLANG_WARN_EMPTY_BODY = YES;
				CLANG_WARN_ENUM_CONVERSION = YES;
				CLANG_WARN_INFINITE_RECURSION = YES;
				CLANG_WARN_INT_CONVERSION = YES;
				CLANG_WARN_NON_LITERAL_NULL_CONVERSION = YES;
				CLANG_WARN_OBJC_LITERAL_CONVERSION = YES;
				CLANG_WARN_OBJC_ROOT_CLASS = YES_ERROR;
				CLANG_WARN_RANGE_LOOP_ANALYSIS = YES;
				CLANG_WARN_STRICT_PROTOTYPES = YES;
				CLANG_WARN_SUSPICIOUS_MOVE = YES;
				CLANG_WARN_UNGUARDED_AVAILABILITY = YES_AGGRESSIVE;
				CLANG_WARN_UNREACHABLE_CODE = YES;
				CLANG_WARN__DUPLICATE_METHOD_MATCH = YES;
				CODE_SIGN_IDENTITY = "iPhone Developer";
				COPY_PHASE_STRIP = NO;
				DEBUG_INFORMATION_FORMAT = dwarf;
				ENABLE_STRICT_OBJC_MSGSEND = YES;
				ENABLE_TESTABILITY = YES;
				GCC_C_LANGUAGE_STANDARD = gnu11;
				GCC_DYNAMIC_NO_PIC = NO;
				GCC_NO_COMMON_BLOCKS = YES;
				GCC_OPTIMIZATION_LEVEL = 0;
				GCC_PREPROCESSOR_DEFINITIONS = (
					"DEBUG=1",
					"$(inherited)",
				);
				GCC_WARN_64_TO_32_BIT_CONVERSION = YES;
				GCC_WARN_ABOUT_RETURN_TYPE = YES_ERROR;
				GCC_WARN_UNDECLARED_SELECTOR = YES;
				GCC_WARN_UNINITIALIZED_AUTOS = YES_AGGRESSIVE;
				GCC_WARN_UNUSED_FUNCTION = YES;
				GCC_WARN_UNUSED_VARIABLE = YES;
				IPHONEOS_DEPLOYMENT_TARGET = 11.2;
				MTL_ENABLE_DEBUG_INFO = YES;
				ONLY_ACTIVE_ARCH = YES;
				SDKROOT = iphoneos;
			};
			name = Debug;
		};
		2A6AA3122019CF7900810988 /* Release */ = {
			isa = XCBuildConfiguration;
			buildSettings = {
				ALWAYS_SEARCH_USER_PATHS = NO;
				CLANG_ANALYZER_NONNULL = YES;
				CLANG_ANALYZER_NUMBER_OBJECT_CONVERSION = YES_AGGRESSIVE;
				CLANG_CXX_LANGUAGE_STANDARD = "gnu++14";
				CLANG_CXX_LIBRARY = "libc++";
				CLANG_ENABLE_MODULES = YES;
				CLANG_ENABLE_OBJC_ARC = YES;
				CLANG_WARN_BLOCK_CAPTURE_AUTORELEASING = YES;
				CLANG_WARN_BOOL_CONVERSION = YES;
				CLANG_WARN_COMMA = YES;
				CLANG_WARN_CONSTANT_CONVERSION = YES;
				CLANG_WARN_DIRECT_OBJC_ISA_USAGE = YES_ERROR;
				CLANG_WARN_DOCUMENTATION_COMMENTS = YES;
				CLANG_WARN_EMPTY_BODY = YES;
				CLANG_WARN_ENUM_CONVERSION = YES;
				CLANG_WARN_INFINITE_RECURSION = YES;
				CLANG_WARN_INT_CONVERSION = YES;
				CLANG_WARN_NON_LITERAL_NULL_CONVERSION = YES;
				CLANG_WARN_OBJC_LITERAL_CONVERSION = YES;
				CLANG_WARN_OBJC_ROOT_CLASS = YES_ERROR;
				CLANG_WARN_RANGE_LOOP_ANALYSIS = YES;
				CLANG_WARN_STRICT_PROTOTYPES = YES;
				CLANG_WARN_SUSPICIOUS_MOVE = YES;
				CLANG_WARN_UNGUARDED_AVAILABILITY = YES_AGGRESSIVE;
				CLANG_WARN_UNREACHABLE_CODE = YES;
				CLANG_WARN__DUPLICATE_METHOD_MATCH = YES;
				CODE_SIGN_IDENTITY = "iPhone Developer";
				COPY_PHASE_STRIP = NO;
				DEBUG_INFORMATION_FORMAT = "dwarf-with-dsym";
				ENABLE_NS_ASSERTIONS = NO;
				ENABLE_STRICT_OBJC_MSGSEND = YES;
				GCC_C_LANGUAGE_STANDARD = gnu11;
				GCC_NO_COMMON_BLOCKS = YES;
				GCC_WARN_64_TO_32_BIT_CONVERSION = YES;
				GCC_WARN_ABOUT_RETURN_TYPE = YES_ERROR;
				GCC_WARN_UNDECLARED_SELECTOR = YES;
				GCC_WARN_UNINITIALIZED_AUTOS = YES_AGGRESSIVE;
				GCC_WARN_UNUSED_FUNCTION = YES;
				GCC_WARN_UNUSED_VARIABLE = YES;
				IPHONEOS_DEPLOYMENT_TARGET = 11.2;
				MTL_ENABLE_DEBUG_INFO = NO;
				SDKROOT = iphoneos;
				VALIDATE_PRODUCT = YES;
			};
			name = Release;
		};
		2A6AA3142019CF7900810988 /* Debug */ = {
			isa = XCBuildConfiguration;
			baseConfigurationReference = F86ACB4FAFCA560EDD627C16 /* Pods-ZYBanner.debug.xcconfig */;
			buildSettings = {
				ASSETCATALOG_COMPILER_APPICON_NAME = AppIcon;
				CODE_SIGN_STYLE = Automatic;
				DEVELOPMENT_TEAM = XB9YNJTZ2K;
				GCC_PREFIX_HEADER = "$(SRCROOT)/ZYbanner/app.pch";
				INFOPLIST_FILE = ZYBanner/Info.plist;
				LD_RUNPATH_SEARCH_PATHS = "$(inherited) @executable_path/Frameworks";
				PRODUCT_BUNDLE_IDENTIFIER = ZY.ZYBanner;
				PRODUCT_NAME = "$(TARGET_NAME)";
				TARGETED_DEVICE_FAMILY = "1,2";
			};
			name = Debug;
		};
		2A6AA3152019CF7900810988 /* Release */ = {
			isa = XCBuildConfiguration;
			baseConfigurationReference = CD0BD1CF608D4DA4966C7475 /* Pods-ZYBanner.release.xcconfig */;
			buildSettings = {
				ASSETCATALOG_COMPILER_APPICON_NAME = AppIcon;
				CODE_SIGN_STYLE = Automatic;
				DEVELOPMENT_TEAM = XB9YNJTZ2K;
				GCC_PREFIX_HEADER = "$(SRCROOT)/ZYbanner/app.pch";
				INFOPLIST_FILE = ZYBanner/Info.plist;
				LD_RUNPATH_SEARCH_PATHS = "$(inherited) @executable_path/Frameworks";
				PRODUCT_BUNDLE_IDENTIFIER = ZY.ZYBanner;
				PRODUCT_NAME = "$(TARGET_NAME)";
				TARGETED_DEVICE_FAMILY = "1,2";
			};
			name = Release;
		};
/* End XCBuildConfiguration section */

/* Begin XCConfigurationList section */
		2A6AA2F82019CF7800810988 /* Build configuration list for PBXProject "ZYBanner" */ = {
			isa = XCConfigurationList;
			buildConfigurations = (
				2A6AA3112019CF7900810988 /* Debug */,
				2A6AA3122019CF7900810988 /* Release */,
			);
			defaultConfigurationIsVisible = 0;
			defaultConfigurationName = Release;
		};
		2A6AA3132019CF7900810988 /* Build configuration list for PBXNativeTarget "ZYBanner" */ = {
			isa = XCConfigurationList;
			buildConfigurations = (
				2A6AA3142019CF7900810988 /* Debug */,
				2A6AA3152019CF7900810988 /* Release */,
			);
			defaultConfigurationIsVisible = 0;
			defaultConfigurationName = Release;
		};
/* End XCConfigurationList section */
	};
	rootObject = 2A6AA2F52019CF7800810988 /* Project object */;
}
